
Microsoft Visual Studio Solution File, Format Version 12.00
# Visual Studio 15
VisualStudioVersion = 15.0.27703.2000
MinimumVisualStudioVersion = 10.0.40219.1
Project("{FAE04EC0-301F-11D3-BF4B-00C04F79EFBC}") = "Domain", "Domain\Domain.csproj", "{27D99FC8-EB79-4DCB-87B5-03D359CAA162}"
EndProject
Project("{FAE04EC0-301F-11D3-BF4B-00C04F79EFBC}") = "Xolartek.Web", "Xolartek.Web\Xolartek.Web.csproj", "{6649DE94-46B4-4BED-BEA1-4DEB1A0958B5}"
EndProject
Global
	GlobalSection(SolutionConfigurationPlatforms) = preSolution
		Debug|Any CPU = Debug|Any CPU
		Dev-snapshot|Any CPU = Dev-snapshot|Any CPU
		Release|Any CPU = Release|Any CPU
	EndGlobalSection
	GlobalSection(ProjectConfigurationPlatforms) = postSolution
		{27D99FC8-EB79-4DCB-87B5-03D359CAA162}.Debug|Any CPU.ActiveCfg = Debug|Any CPU
		{27D99FC8-EB79-4DCB-87B5-03D359CAA162}.Debug|Any CPU.Build.0 = Debug|Any CPU
		{27D99FC8-EB79-4DCB-87B5-03D359CAA162}.Dev-snapshot|Any CPU.ActiveCfg = Debug|Any CPU
		{27D99FC8-EB79-4DCB-87B5-03D359CAA162}.Dev-snapshot|Any CPU.Build.0 = Debug|Any CPU
		{27D99FC8-EB79-4DCB-87B5-03D359CAA162}.Release|Any CPU.ActiveCfg = Release|Any CPU
		{27D99FC8-EB79-4DCB-87B5-03D359CAA162}.Release|Any CPU.Build.0 = Release|Any CPU
		{6649DE94-46B4-4BED-BEA1-4DEB1A0958B5}.Debug|Any CPU.ActiveCfg = Debug|Any CPU
		{6649DE94-46B4-4BED-BEA1-4DEB1A0958B5}.Debug|Any CPU.Build.0 = Debug|Any CPU
		{6649DE94-46B4-4BED-BEA1-4DEB1A0958B5}.Dev-snapshot|Any CPU.ActiveCfg = Debug|Any CPU
		{6649DE94-46B4-4BED-BEA1-4DEB1A0958B5}.Dev-snapshot|Any CPU.Build.0 = Debug|Any CPU
		{6649DE94-46B4-4BED-BEA1-4DEB1A0958B5}.Release|Any CPU.ActiveCfg = Release|Any CPU
		{6649DE94-46B4-4BED-BEA1-4DEB1A0958B5}.Release|Any CPU.Build.0 = Release|Any CPU
	EndGlobalSection
	GlobalSection(SolutionProperties) = preSolution
		HideSolutionNode = FALSE
	EndGlobalSection
	GlobalSection(ExtensibilityGlobals) = postSolution
		SolutionGuid = {048652F7-F61C-4948-861F-7FC3201E0C68}
	EndGlobalSection
EndGlobal
